
Microsoft Visual Studio Solution File, Format Version 12.00
# Visual Studio Version 16
VisualStudioVersion = 16.0.29519.181
MinimumVisualStudioVersion = 10.0.40219.1
Project("{FAE04EC0-301F-11D3-BF4B-00C04F79EFBC}") = "WindowsFormsApp2", "WindowsFormsApp2\WindowsFormsApp2.csproj", "{A81CE36F-9E9B-4E42-A5BE-67B5A4DAA188}"
EndProject
Global
	GlobalSection(SolutionConfigurationPlatforms) = preSolution
		Debug|Any CPU = Debug|Any CPU
		Release|Any CPU = Release|Any CPU
	EndGlobalSection
	GlobalSection(ProjectConfigurationPlatforms) = postSolution
		{A81CE36F-9E9B-4E42-A5BE-67B5A4DAA188}.Debug|Any CPU.ActiveCfg = Debug|Any CPU
		{A81CE36F-9E9B-4E42-A5BE-67B5A4DAA188}.Debug|Any CPU.Build.0 = Debug|Any CPU
		{A81CE36F-9E9B-4E42-A5BE-67B5A4DAA188}.Release|Any CPU.ActiveCfg = Release|Any CPU
		{A81CE36F-9E9B-4E42-A5BE-67B5A4DAA188}.Release|Any CPU.Build.0 = Release|Any CPU
	EndGlobalSection
	GlobalSection(SolutionProperties) = preSolution
		HideSolutionNode = FALSE
	EndGlobalSection
	GlobalSection(ExtensibilityGlobals) = postSolution
		SolutionGuid = {1558C2CE-769E-4833-A03C-0D26975138E9}
	EndGlobalSection
EndGlobal
